{
  "name": "Playground",
  "lockfileVersion": 3,
  "requires": true,
  "packages": {
    "": {
      "dependencies": {
        "clean-sweep": "^1.1.1"
      }
    },
    "node_modules/clean-sweep": {
      "version": "1.1.1",
      "resolved": "https://registry.npmjs.org/clean-sweep/-/clean-sweep-1.1.1.tgz",
      "integrity": "sha512-x22rmpg9e9NSRzj5EAjugyvV+1HvCOtIiYnIR13JPN/Kr3Rq8vnK5Kloxr1IBEyk4PCBAkFK1UdUmGFkRalOgA==",
      "license": "MIT",
      "bin": {
        "clean-sweep": "bin/exec-sweep.js",
        "csw": "bin/exec-sweep.js"
      }
    }
  }
}
